
Microsoft Visual Studio Solution File, Format Version 12.00
# Visual Studio Version 16
VisualStudioVersion = 16.0.30907.101
MinimumVisualStudioVersion = 10.0.40219.1
Project("{FAE04EC0-301F-11D3-BF4B-00C04F79EFBC}") = "ChainOfResponsibility", "ChainOfResponsibility\ChainOfResponsibility.csproj", "{EAAC917B-45E8-484E-B264-7DA9E8FB7F2C}"
EndProject
Global
	GlobalSection(SolutionConfigurationPlatforms) = preSolution
		Debug|Any CPU = Debug|Any CPU
		Release|Any CPU = Release|Any CPU
	EndGlobalSection
	GlobalSection(ProjectConfigurationPlatforms) = postSolution
		{EAAC917B-45E8-484E-B264-7DA9E8FB7F2C}.Debug|Any CPU.ActiveCfg = Debug|Any CPU
		{EAAC917B-45E8-484E-B264-7DA9E8FB7F2C}.Debug|Any CPU.Build.0 = Debug|Any CPU
		{EAAC917B-45E8-484E-B264-7DA9E8FB7F2C}.Release|Any CPU.ActiveCfg = Release|Any CPU
		{EAAC917B-45E8-484E-B264-7DA9E8FB7F2C}.Release|Any CPU.Build.0 = Release|Any CPU
	EndGlobalSection
	GlobalSection(SolutionProperties) = preSolution
		HideSolutionNode = FALSE
	EndGlobalSection
	GlobalSection(ExtensibilityGlobals) = postSolution
		SolutionGuid = {C5E74D24-D23A-4FB8-9A4F-1CB0427CF66C}
	EndGlobalSection
EndGlobal
