
Microsoft Visual Studio Solution File, Format Version 12.00
# Visual Studio Version 16
VisualStudioVersion = 16.0.30907.101
MinimumVisualStudioVersion = 10.0.40219.1
Project("{FAE04EC0-301F-11D3-BF4B-00C04F79EFBC}") = "Memento", "Memento\Memento.csproj", "{809D2B4A-45D9-4FC3-BCAB-19E6B056408D}"
EndProject
Global
	GlobalSection(SolutionConfigurationPlatforms) = preSolution
		Debug|Any CPU = Debug|Any CPU
		Release|Any CPU = Release|Any CPU
	EndGlobalSection
	GlobalSection(ProjectConfigurationPlatforms) = postSolution
		{809D2B4A-45D9-4FC3-BCAB-19E6B056408D}.Debug|Any CPU.ActiveCfg = Debug|Any CPU
		{809D2B4A-45D9-4FC3-BCAB-19E6B056408D}.Debug|Any CPU.Build.0 = Debug|Any CPU
		{809D2B4A-45D9-4FC3-BCAB-19E6B056408D}.Release|Any CPU.ActiveCfg = Release|Any CPU
		{809D2B4A-45D9-4FC3-BCAB-19E6B056408D}.Release|Any CPU.Build.0 = Release|Any CPU
	EndGlobalSection
	GlobalSection(SolutionProperties) = preSolution
		HideSolutionNode = FALSE
	EndGlobalSection
	GlobalSection(ExtensibilityGlobals) = postSolution
		SolutionGuid = {F2B54EA5-1FD9-4293-B0BD-149557284635}
	EndGlobalSection
EndGlobal
