
Microsoft Visual Studio Solution File, Format Version 12.00
# Visual Studio Version 16
VisualStudioVersion = 16.0.30907.101
MinimumVisualStudioVersion = 10.0.40219.1
Project("{FAE04EC0-301F-11D3-BF4B-00C04F79EFBC}") = "Observer", "Observer\Observer.csproj", "{9E819059-4ABF-42F0-A8AF-CD5953E10F8E}"
EndProject
Global
	GlobalSection(SolutionConfigurationPlatforms) = preSolution
		Debug|Any CPU = Debug|Any CPU
		Release|Any CPU = Release|Any CPU
	EndGlobalSection
	GlobalSection(ProjectConfigurationPlatforms) = postSolution
		{9E819059-4ABF-42F0-A8AF-CD5953E10F8E}.Debug|Any CPU.ActiveCfg = Debug|Any CPU
		{9E819059-4ABF-42F0-A8AF-CD5953E10F8E}.Debug|Any CPU.Build.0 = Debug|Any CPU
		{9E819059-4ABF-42F0-A8AF-CD5953E10F8E}.Release|Any CPU.ActiveCfg = Release|Any CPU
		{9E819059-4ABF-42F0-A8AF-CD5953E10F8E}.Release|Any CPU.Build.0 = Release|Any CPU
	EndGlobalSection
	GlobalSection(SolutionProperties) = preSolution
		HideSolutionNode = FALSE
	EndGlobalSection
	GlobalSection(ExtensibilityGlobals) = postSolution
		SolutionGuid = {7C9F6C74-1ACD-4FC3-8DA6-7D7FCB038A13}
	EndGlobalSection
EndGlobal
