
Microsoft Visual Studio Solution File, Format Version 12.00
# Visual Studio Version 16
VisualStudioVersion = 16.0.30907.101
MinimumVisualStudioVersion = 10.0.40219.1
Project("{FAE04EC0-301F-11D3-BF4B-00C04F79EFBC}") = "Decorator", "DecoratorD\Decorator.csproj", "{C5C745AC-1565-434F-AFC0-3343A3BEA5B8}"
EndProject
Global
	GlobalSection(SolutionConfigurationPlatforms) = preSolution
		Debug|Any CPU = Debug|Any CPU
		Release|Any CPU = Release|Any CPU
	EndGlobalSection
	GlobalSection(ProjectConfigurationPlatforms) = postSolution
		{C5C745AC-1565-434F-AFC0-3343A3BEA5B8}.Debug|Any CPU.ActiveCfg = Debug|Any CPU
		{C5C745AC-1565-434F-AFC0-3343A3BEA5B8}.Debug|Any CPU.Build.0 = Debug|Any CPU
		{C5C745AC-1565-434F-AFC0-3343A3BEA5B8}.Release|Any CPU.ActiveCfg = Release|Any CPU
		{C5C745AC-1565-434F-AFC0-3343A3BEA5B8}.Release|Any CPU.Build.0 = Release|Any CPU
	EndGlobalSection
	GlobalSection(SolutionProperties) = preSolution
		HideSolutionNode = FALSE
	EndGlobalSection
	GlobalSection(ExtensibilityGlobals) = postSolution
		SolutionGuid = {AF917878-6DCB-4354-A6D3-CD2C62553691}
	EndGlobalSection
EndGlobal
